
Microsoft Visual Studio Solution File, Format Version 12.00
# Visual Studio Version 16
VisualStudioVersion = 16.0.31019.35
MinimumVisualStudioVersion = 10.0.40219.1
Project("{FAE04EC0-301F-11D3-BF4B-00C04F79EFBC}") = "CarStore", "CarStore\CarStore.csproj", "{FF000A20-758B-455C-A929-B95727828A0B}"
EndProject
Global
	GlobalSection(SolutionConfigurationPlatforms) = preSolution
		Debug|Any CPU = Debug|Any CPU
		Release|Any CPU = Release|Any CPU
	EndGlobalSection
	GlobalSection(ProjectConfigurationPlatforms) = postSolution
		{FF000A20-758B-455C-A929-B95727828A0B}.Debug|Any CPU.ActiveCfg = Debug|Any CPU
		{FF000A20-758B-455C-A929-B95727828A0B}.Debug|Any CPU.Build.0 = Debug|Any CPU
		{FF000A20-758B-455C-A929-B95727828A0B}.Release|Any CPU.ActiveCfg = Release|Any CPU
		{FF000A20-758B-455C-A929-B95727828A0B}.Release|Any CPU.Build.0 = Release|Any CPU
	EndGlobalSection
	GlobalSection(SolutionProperties) = preSolution
		HideSolutionNode = FALSE
	EndGlobalSection
	GlobalSection(ExtensibilityGlobals) = postSolution
		SolutionGuid = {9E89D280-3A0C-4CD5-9594-87EE8E3A6AF9}
	EndGlobalSection
EndGlobal
